{
  "name": "tape-six-proc",
  "version": "1.2.1",
  "lockfileVersion": 3,
  "requires": true,
  "packages": {
    "": {
      "name": "tape-six-proc",
      "version": "1.2.1",
      "license": "BSD-3-Clause",
      "dependencies": {
        "dollar-shell": "^1.1.7",
        "tape-six": "^1.5.1"
      },
      "bin": {
        "tape6-proc": "bin/tape6-proc.js"
      },
      "devDependencies": {
        "chai": "^6.2.2"
      },
      "funding": {
        "url": "https://github.com/sponsors/uhop"
      }
    },
    "node_modules/chai": {
      "version": "6.2.2",
      "resolved": "https://registry.npmjs.org/chai/-/chai-6.2.2.tgz",
      "integrity": "sha512-NUPRluOfOiTKBKvWPtSD4PhFvWCqOi0BGStNWs57X9js7XGTprSmFoz5F0tWhR4WPjNeR9jXqdC7/UpSJTnlRg==",
      "dev": true,
      "license": "MIT",
      "engines": {
        "node": ">=18"
      }
    },
    "node_modules/dollar-shell": {
      "version": "1.1.7",
      "resolved": "https://registry.npmjs.org/dollar-shell/-/dollar-shell-1.1.7.tgz",
      "integrity": "sha512-NQOLsNHTQjirquIx30StpND8LhV6KExGciHGckjhwiZ6oumyAcUyFnn4BpAghFe2gF7N7y2vqtn+EZRKEmOKdw==",
      "license": "BSD-3-Clause",
      "funding": {
        "type": "github",
        "url": "https://github.com/sponsors/uhop"
      }
    },
    "node_modules/tape-six": {
      "version": "1.5.1",
      "resolved": "https://registry.npmjs.org/tape-six/-/tape-six-1.5.1.tgz",
      "integrity": "sha512-Of7ncVl+RuTeDu6+soqOJLD3wENJRAceNjrJm1QbrRGjbCBubVFyCHP9zEFMBbCw3iL4JBQowKV4w4hScCS+mA==",
      "license": "BSD-3-Clause",
      "bin": {
        "tape6": "bin/tape6.js",
        "tape6-bun": "bin/tape6-bun.js",
        "tape6-deno": "bin/tape6-deno.js",
        "tape6-runner": "bin/tape6-runner.js",
        "tape6-server": "bin/tape6-server.js"
      },
      "funding": {
        "url": "https://github.com/sponsors/uhop"
      }
    }
  }
}
