{
  "name": "tape-six-proc",
  "version": "1.2.8",
  "lockfileVersion": 3,
  "requires": true,
  "packages": {
    "": {
      "name": "tape-six-proc",
      "version": "1.2.8",
      "license": "BSD-3-Clause",
      "dependencies": {
        "dollar-shell": "^1.1.13",
        "tape-six": "^1.7.13"
      },
      "bin": {
        "tape6-proc": "bin/tape6-proc.js"
      },
      "devDependencies": {
        "chai": "^6.2.2"
      },
      "funding": {
        "url": "https://github.com/sponsors/uhop"
      }
    },
    "node_modules/chai": {
      "version": "6.2.2",
      "resolved": "https://registry.npmjs.org/chai/-/chai-6.2.2.tgz",
      "integrity": "sha512-NUPRluOfOiTKBKvWPtSD4PhFvWCqOi0BGStNWs57X9js7XGTprSmFoz5F0tWhR4WPjNeR9jXqdC7/UpSJTnlRg==",
      "dev": true,
      "license": "MIT",
      "engines": {
        "node": ">=18"
      }
    },
    "node_modules/dollar-shell": {
      "version": "1.1.13",
      "resolved": "https://registry.npmjs.org/dollar-shell/-/dollar-shell-1.1.13.tgz",
      "integrity": "sha512-KZQ17uOuwUvvH91WH2HlsQAv92chage0KenWyDOPUwQMDuxi3655UDNF4K5Gc67DyOs6OtKv8f7G52keoEwaaQ==",
      "license": "BSD-3-Clause",
      "funding": {
        "type": "github",
        "url": "https://github.com/sponsors/uhop"
      }
    },
    "node_modules/tape-six": {
      "version": "1.8.0",
      "resolved": "https://registry.npmjs.org/tape-six/-/tape-six-1.8.0.tgz",
      "integrity": "sha512-+Yagu6f3CFoQeUoSaPLaD3/ITfiF2FDXNyZEGG/C/iM9+jlutWkc22IXOgNWNaaZAlDSPJbnhJ5arx4HtE2gUw==",
      "license": "BSD-3-Clause",
      "bin": {
        "tape6": "bin/tape6.js",
        "tape6-bun": "bin/tape6-bun.js",
        "tape6-deno": "bin/tape6-deno.js",
        "tape6-node": "bin/tape6-node.js",
        "tape6-runner": "bin/tape6-runner.js",
        "tape6-seq": "bin/tape6-seq.js",
        "tape6-server": "bin/tape6-server.js"
      },
      "funding": {
        "url": "https://github.com/sponsors/uhop"
      }
    }
  }
}
